<?xml version="1.0" encoding="utf-8"?>
<Project ToolsVersion="4.0" xmlns="http://schemas.microsoft.com/developer/msbuild/2003">
  <ItemGroup>
    <ClCompile Include="Application.cpp">
      <Filter>Source</Filter>
    </ClCompile>
    <ClCompile Include="BitmapFont.cpp">
      <Filter>Source</Filter>
    </ClCompile>
    <ClCompile Include="Camera.cpp">
      <Filter>Source</Filter>
    </ClCompile>
    <ClCompile Include="CameraView.cpp">
      <Filter>Source</Filter>
    </ClCompile>
    <ClCompile Include="Color.cpp">
      <Filter>Source</Filter>
    </ClCompile>
    <ClCompile Include="Component_Collision.cpp">
      <Filter>Components</Filter>
    </ClCompile>
    <ClCompile Include="Component_Enemy.cpp">
      <Filter>Components</Filter>
    </ClCompile>
    <ClCompile Include="Component_Hpbar.cpp">
      <Filter>Components</Filter>
    </ClCompile>
    <ClCompile Include="Component_Player.cpp">
      <Filter>Components</Filter>
    </ClCompile>
    <ClCompile Include="Component_Sprite.cpp">
      <Filter>Components</Filter>
    </ClCompile>
    <ClCompile Include="Component_Text.cpp">
      <Filter>Components</Filter>
    </ClCompile>
    <ClCompile Include="Component_TopDownMovement.cpp">
      <Filter>Components</Filter>
    </ClCompile>
    <ClCompile Include="Engine.cpp">
      <Filter>Source</Filter>
    </ClCompile>
    <ClCompile Include="GL.cpp">
      <Filter>Source</Filter>
    </ClCompile>
    <ClCompile Include="Graphic.cpp">
      <Filter>Source</Filter>
    </ClCompile>
    <ClCompile Include="Image.cpp">
      <Filter>Source</Filter>
    </ClCompile>
    <ClCompile Include="..\external\imgui\imgui.cpp">
      <Filter>Source</Filter>
    </ClCompile>
    <ClCompile Include="..\external\imgui\imgui_demo.cpp">
      <Filter>Source</Filter>
    </ClCompile>
    <ClCompile Include="..\external\imgui\imgui_draw.cpp">
      <Filter>Source</Filter>
    </ClCompile>
    <ClCompile Include="..\external\imgui\imgui_impl_glfw.cpp">
      <Filter>Source</Filter>
    </ClCompile>
    <ClCompile Include="..\external\imgui\imgui_impl_opengl3.cpp">
      <Filter>Source</Filter>
    </ClCompile>
    <ClCompile Include="..\external\imgui\imgui_widgets.cpp">
      <Filter>Source</Filter>
    </ClCompile>
    <ClCompile Include="Input.cpp">
      <Filter>Source</Filter>
    </ClCompile>
    <ClCompile Include="Mesh.cpp">
      <Filter>Source</Filter>
    </ClCompile>
    <ClCompile Include="Message.cpp">
      <Filter>Source</Filter>
    </ClCompile>
    <ClCompile Include="Object.cpp">
      <Filter>Source</Filter>
    </ClCompile>
    <ClCompile Include="Message_Mananger.cpp">
      <Filter>Source</Filter>
    </ClCompile>
    <ClCompile Include="View.cpp">
      <Filter>Source</Filter>
    </ClCompile>
    <ClCompile Include="Vertices.cpp">
      <Filter>Source</Filter>
    </ClCompile>
    <ClCompile Include="VertexLayoutDescription.cpp">
      <Filter>Source</Filter>
    </ClCompile>
    <ClCompile Include="Transform.cpp">
      <Filter>Source</Filter>
    </ClCompile>
    <ClCompile Include="Texture.cpp">
      <Filter>Source</Filter>
    </ClCompile>
    <ClCompile Include="Text.cpp">
      <Filter>Source</Filter>
    </ClCompile>
    <ClCompile Include="StateManager.cpp">
      <Filter>Source</Filter>
    </ClCompile>
    <ClCompile Include="Sound_Manager.cpp">
      <Filter>Source</Filter>
    </ClCompile>
    <ClCompile Include="Shader.cpp">
      <Filter>Source</Filter>
    </ClCompile>
    <ClCompile Include="ObjectManager.cpp">
      <Filter>Source</Filter>
    </ClCompile>
    <ClCompile Include="Object_Component_Info.cpp">
      <Filter>Source</Filter>
    </ClCompile>
    <ClCompile Include="Component_Transform.cpp">
      <Filter>Components</Filter>
    </ClCompile>
    <ClCompile Include="Physics.cpp">
      <Filter>Components</Filter>
    </ClCompile>
  </ItemGroup>
  <ItemGroup>
    <ClInclude Include="angles.hpp">
      <Filter>Header</Filter>
    </ClInclude>
    <ClInclude Include="Application.hpp">
      <Filter>Header</Filter>
    </ClInclude>
    <ClInclude Include="BitmapFont.hpp">
      <Filter>Header</Filter>
    </ClInclude>
    <ClInclude Include="Camera.hpp">
      <Filter>Header</Filter>
    </ClInclude>
    <ClInclude Include="CameraView.hpp">
      <Filter>Header</Filter>
    </ClInclude>
    <ClInclude Include="Color4ub.hpp">
      <Filter>Header</Filter>
    </ClInclude>
    <ClInclude Include="Common_Header.h">
      <Filter>Header</Filter>
    </ClInclude>
    <ClInclude Include="Component.hpp">
      <Filter>Header</Filter>
    </ClInclude>
    <ClInclude Include="Component_Collision.h">
      <Filter>Header</Filter>
    </ClInclude>
    <ClInclude Include="Component_Enemy.h">
      <Filter>Header</Filter>
    </ClInclude>
    <ClInclude Include="Component_Hpbar.h">
      <Filter>Header</Filter>
    </ClInclude>
    <ClInclude Include="Component_Player.h">
      <Filter>Header</Filter>
    </ClInclude>
    <ClInclude Include="Component_Sprite.h">
      <Filter>Header</Filter>
    </ClInclude>
    <ClInclude Include="Component_Text.h">
      <Filter>Header</Filter>
    </ClInclude>
    <ClInclude Include="Component_TopDownMovement.h">
      <Filter>Header</Filter>
    </ClInclude>
    <ClInclude Include="Component_Transform.h">
      <Filter>Header</Filter>
    </ClInclude>
    <ClInclude Include="Engine.hpp">
      <Filter>Header</Filter>
    </ClInclude>
    <ClInclude Include="GL.hpp">
      <Filter>Header</Filter>
    </ClInclude>
    <ClInclude Include="glCheck.hpp">
      <Filter>Header</Filter>
    </ClInclude>
    <ClInclude Include="Graphic.h">
      <Filter>Header</Filter>
    </ClInclude>
    <ClInclude Include="Image.hpp">
      <Filter>Header</Filter>
    </ClInclude>
    <ClInclude Include="..\external\imgui\imconfig.h">
      <Filter>Header</Filter>
    </ClInclude>
    <ClInclude Include="..\external\imgui\imgui.h">
      <Filter>Header</Filter>
    </ClInclude>
    <ClInclude Include="..\external\imgui\imgui_impl_glfw.h">
      <Filter>Header</Filter>
    </ClInclude>
    <ClInclude Include="..\external\imgui\imgui_impl_opengl3.h">
      <Filter>Header</Filter>
    </ClInclude>
    <ClInclude Include="..\external\imgui\imgui_internal.h">
      <Filter>Header</Filter>
    </ClInclude>
    <ClInclude Include="..\external\imgui\imstb_rectpack.h">
      <Filter>Header</Filter>
    </ClInclude>
    <ClInclude Include="..\external\imgui\imstb_textedit.h">
      <Filter>Header</Filter>
    </ClInclude>
    <ClInclude Include="..\external\imgui\imstb_truetype.h">
      <Filter>Header</Filter>
    </ClInclude>
    <ClInclude Include="Input.h">
      <Filter>Header</Filter>
    </ClInclude>
    <ClInclude Include="Material.hpp">
      <Filter>Header</Filter>
    </ClInclude>
    <ClInclude Include="Mesh.hpp">
      <Filter>Header</Filter>
    </ClInclude>
    <ClInclude Include="Message.h">
      <Filter>Header</Filter>
    </ClInclude>
    <ClInclude Include="Message_Manager.h">
      <Filter>Header</Filter>
    </ClInclude>
    <ClInclude Include="Object.h">
      <Filter>Header</Filter>
    </ClInclude>
    <ClInclude Include="Object_Component_Info.h">
      <Filter>Header</Filter>
    </ClInclude>
    <ClInclude Include="ObjectManager.h">
      <Filter>Header</Filter>
    </ClInclude>
    <ClInclude Include="Physics.h">
      <Filter>Header</Filter>
    </ClInclude>
    <ClInclude Include="Shader.hpp">
      <Filter>Header</Filter>
    </ClInclude>
    <ClInclude Include="Sound_Manager.h">
      <Filter>Header</Filter>
    </ClInclude>
    <ClInclude Include="State.h">
      <Filter>Header</Filter>
    </ClInclude>
    <ClInclude Include="StateManager.h">
      <Filter>Header</Filter>
    </ClInclude>
    <ClInclude Include="StockShaders.hpp">
      <Filter>Header</Filter>
    </ClInclude>
    <ClInclude Include="Text.hpp">
      <Filter>Header</Filter>
    </ClInclude>
    <ClInclude Include="Texture.hpp">
      <Filter>Header</Filter>
    </ClInclude>
    <ClInclude Include="Timer.hpp">
      <Filter>Header</Filter>
    </ClInclude>
    <ClInclude Include="Transform.hpp">
      <Filter>Header</Filter>
    </ClInclude>
    <ClInclude Include="VertexLayoutDescription.hpp">
      <Filter>Header</Filter>
    </ClInclude>
    <ClInclude Include="Vertices.hpp">
      <Filter>Header</Filter>
    </ClInclude>
    <ClInclude Include="View.h">
      <Filter>Header</Filter>
    </ClInclude>
  </ItemGroup>
  <ItemGroup>
    <Filter Include="Source">
      <UniqueIdentifier>{95e625fc-721f-4d80-9fd1-aaa82ce0f6db}</UniqueIdentifier>
    </Filter>
    <Filter Include="Components">
      <UniqueIdentifier>{b1e536b0-259d-488a-82e5-b5a4ebfa1b31}</UniqueIdentifier>
    </Filter>
    <Filter Include="Header">
      <UniqueIdentifier>{078ad5e6-eb19-4b92-b531-98b98535aaa9}</UniqueIdentifier>
    </Filter>
  </ItemGroup>
  <ItemGroup>
    <None Include="StockShaders.inl">
      <Filter>Header</Filter>
    </None>
  </ItemGroup>
</Project>