<?xml version="1.0" encoding="utf-8"?>
<Project ToolsVersion="4.0" xmlns="http://schemas.microsoft.com/developer/msbuild/2003">
  <ItemGroup>
    <ClCompile Include="Component_Collision.cpp">
      <Filter>Components</Filter>
    </ClCompile>
    <ClCompile Include="Component_Enemy.cpp">
      <Filter>Components</Filter>
    </ClCompile>
    <ClCompile Include="Component_Hpbar.cpp">
      <Filter>Components</Filter>
    </ClCompile>
    <ClCompile Include="Component_Item.cpp">
      <Filter>Components</Filter>
    </ClCompile>
    <ClCompile Include="Component_Player.cpp">
      <Filter>Components</Filter>
    </ClCompile>
    <ClCompile Include="Component_Sprite.cpp">
      <Filter>Components</Filter>
    </ClCompile>
    <ClCompile Include="Component_Text.cpp">
      <Filter>Components</Filter>
    </ClCompile>
    <ClCompile Include="Component_TopDownMovement.cpp">
      <Filter>Components</Filter>
    </ClCompile>
    <ClCompile Include="Component_Transform.cpp">
      <Filter>Components</Filter>
    </ClCompile>
    <ClCompile Include="Physics.cpp">
      <Filter>Components</Filter>
    </ClCompile>
    <ClCompile Include="Application.cpp">
      <Filter>Source</Filter>
    </ClCompile>
    <ClCompile Include="BitmapFont.cpp">
      <Filter>Source</Filter>
    </ClCompile>
    <ClCompile Include="Camera.cpp">
      <Filter>Source</Filter>
    </ClCompile>
    <ClCompile Include="CameraView.cpp">
      <Filter>Source</Filter>
    </ClCompile>
    <ClCompile Include="Color.cpp">
      <Filter>Source</Filter>
    </ClCompile>
    <ClCompile Include="GL.cpp">
      <Filter>Source</Filter>
    </ClCompile>
    <ClCompile Include="Graphic.cpp">
      <Filter>Source</Filter>
    </ClCompile>
    <ClCompile Include="Image.cpp">
      <Filter>Source</Filter>
    </ClCompile>
    <ClCompile Include="..\external\imgui\imgui.cpp">
      <Filter>Source</Filter>
    </ClCompile>
    <ClCompile Include="..\external\imgui\imgui_demo.cpp">
      <Filter>Source</Filter>
    </ClCompile>
    <ClCompile Include="..\external\imgui\imgui_draw.cpp">
      <Filter>Source</Filter>
    </ClCompile>
    <ClCompile Include="..\external\imgui\imgui_impl_glfw.cpp">
      <Filter>Source</Filter>
    </ClCompile>
    <ClCompile Include="..\external\imgui\imgui_impl_opengl3.cpp">
      <Filter>Source</Filter>
    </ClCompile>
    <ClCompile Include="..\external\imgui\imgui_widgets.cpp">
      <Filter>Source</Filter>
    </ClCompile>
    <ClCompile Include="Input.cpp">
      <Filter>Source</Filter>
    </ClCompile>
    <ClCompile Include="Mesh.cpp">
      <Filter>Source</Filter>
    </ClCompile>
    <ClCompile Include="Message.cpp">
      <Filter>Source</Filter>
    </ClCompile>
    <ClCompile Include="Message_Mananger.cpp">
      <Filter>Source</Filter>
    </ClCompile>
    <ClCompile Include="Messagebox.cpp">
      <Filter>Source</Filter>
    </ClCompile>
    <ClCompile Include="Object.cpp">
      <Filter>Source</Filter>
    </ClCompile>
    <ClCompile Include="Object_Component_Info.cpp">
      <Filter>Source</Filter>
    </ClCompile>
    <ClCompile Include="ObjectManager.cpp">
      <Filter>Source</Filter>
    </ClCompile>
    <ClCompile Include="Referee.cpp">
      <Filter>Source</Filter>
    </ClCompile>
    <ClCompile Include="ResourceManager.cpp">
      <Filter>Source</Filter>
    </ClCompile>
    <ClCompile Include="Shader.cpp">
      <Filter>Source</Filter>
    </ClCompile>
    <ClCompile Include="Sound_Manager.cpp">
      <Filter>Source</Filter>
    </ClCompile>
    <ClCompile Include="StateManager.cpp">
      <Filter>Source</Filter>
    </ClCompile>
    <ClCompile Include="Text.cpp">
      <Filter>Source</Filter>
    </ClCompile>
    <ClCompile Include="Transform.cpp">
      <Filter>Source</Filter>
    </ClCompile>
    <ClCompile Include="VertexLayoutDescription.cpp">
      <Filter>Source</Filter>
    </ClCompile>
    <ClCompile Include="Vertices.cpp">
      <Filter>Source</Filter>
    </ClCompile>
    <ClCompile Include="View.cpp">
      <Filter>Source</Filter>
    </ClCompile>
    <ClCompile Include="Engine.cpp">
      <Filter>Engine</Filter>
    </ClCompile>
    <ClCompile Include="Player_UI.cpp">
      <Filter>Components</Filter>
    </ClCompile>
    <ClCompile Include="Damage.cpp">
      <Filter>Source</Filter>
    </ClCompile>
    <ClCompile Include="Texture.cpp">
      <Filter>Source</Filter>
    </ClCompile>
  </ItemGroup>
  <ItemGroup>
    <ClInclude Include="angles.hpp">
      <Filter>Headers</Filter>
    </ClInclude>
    <ClInclude Include="Application.hpp">
      <Filter>Headers</Filter>
    </ClInclude>
    <ClInclude Include="BitmapFont.hpp">
      <Filter>Headers</Filter>
    </ClInclude>
    <ClInclude Include="Camera.hpp">
      <Filter>Headers</Filter>
    </ClInclude>
    <ClInclude Include="CameraView.hpp">
      <Filter>Headers</Filter>
    </ClInclude>
    <ClInclude Include="Color4ub.hpp">
      <Filter>Headers</Filter>
    </ClInclude>
    <ClInclude Include="Common_Header.h">
      <Filter>Headers</Filter>
    </ClInclude>
    <ClInclude Include="Component.hpp">
      <Filter>Headers</Filter>
    </ClInclude>
    <ClInclude Include="Component_Collision.h">
      <Filter>Headers</Filter>
    </ClInclude>
    <ClInclude Include="Component_Enemy.h">
      <Filter>Headers</Filter>
    </ClInclude>
    <ClInclude Include="Component_Hpbar.h">
      <Filter>Headers</Filter>
    </ClInclude>
    <ClInclude Include="Component_Item.h">
      <Filter>Headers</Filter>
    </ClInclude>
    <ClInclude Include="Component_Player.h">
      <Filter>Headers</Filter>
    </ClInclude>
    <ClInclude Include="Component_Sprite.h">
      <Filter>Headers</Filter>
    </ClInclude>
    <ClInclude Include="Component_Text.h">
      <Filter>Headers</Filter>
    </ClInclude>
    <ClInclude Include="Component_TopDownMovement.h">
      <Filter>Headers</Filter>
    </ClInclude>
    <ClInclude Include="Component_Transform.h">
      <Filter>Headers</Filter>
    </ClInclude>
    <ClInclude Include="GL.hpp">
      <Filter>Headers</Filter>
    </ClInclude>
    <ClInclude Include="glCheck.hpp">
      <Filter>Headers</Filter>
    </ClInclude>
    <ClInclude Include="Image.hpp">
      <Filter>Headers</Filter>
    </ClInclude>
    <ClInclude Include="Graphic.h">
      <Filter>Headers</Filter>
    </ClInclude>
    <ClInclude Include="..\external\imgui\imconfig.h">
      <Filter>Headers</Filter>
    </ClInclude>
    <ClInclude Include="..\external\imgui\imgui.h">
      <Filter>Headers</Filter>
    </ClInclude>
    <ClInclude Include="..\external\imgui\imgui_impl_glfw.h">
      <Filter>Headers</Filter>
    </ClInclude>
    <ClInclude Include="..\external\imgui\imgui_impl_opengl3.h">
      <Filter>Headers</Filter>
    </ClInclude>
    <ClInclude Include="..\external\imgui\imgui_internal.h">
      <Filter>Headers</Filter>
    </ClInclude>
    <ClInclude Include="..\external\imgui\imstb_rectpack.h">
      <Filter>Headers</Filter>
    </ClInclude>
    <ClInclude Include="..\external\imgui\imstb_textedit.h">
      <Filter>Headers</Filter>
    </ClInclude>
    <ClInclude Include="..\external\imgui\imstb_truetype.h">
      <Filter>Headers</Filter>
    </ClInclude>
    <ClInclude Include="Input.h">
      <Filter>Headers</Filter>
    </ClInclude>
    <ClInclude Include="Material.hpp">
      <Filter>Headers</Filter>
    </ClInclude>
    <ClInclude Include="Mesh.hpp">
      <Filter>Headers</Filter>
    </ClInclude>
    <ClInclude Include="Message.h">
      <Filter>Headers</Filter>
    </ClInclude>
    <ClInclude Include="Message_Manager.h">
      <Filter>Headers</Filter>
    </ClInclude>
    <ClInclude Include="Messagebox.h">
      <Filter>Headers</Filter>
    </ClInclude>
    <ClInclude Include="Object.h">
      <Filter>Headers</Filter>
    </ClInclude>
    <ClInclude Include="Object_Component_Info.h">
      <Filter>Headers</Filter>
    </ClInclude>
    <ClInclude Include="ObjectManager.h">
      <Filter>Headers</Filter>
    </ClInclude>
    <ClInclude Include="Physics.h">
      <Filter>Headers</Filter>
    </ClInclude>
    <ClInclude Include="Player_Ui.h">
      <Filter>Headers</Filter>
    </ClInclude>
    <ClInclude Include="Referee.h">
      <Filter>Headers</Filter>
    </ClInclude>
    <ClInclude Include="Shader.hpp">
      <Filter>Headers</Filter>
    </ClInclude>
    <ClInclude Include="Sound_Manager.h">
      <Filter>Headers</Filter>
    </ClInclude>
    <ClInclude Include="State.h">
      <Filter>Headers</Filter>
    </ClInclude>
    <ClInclude Include="StateManager.h">
      <Filter>Headers</Filter>
    </ClInclude>
    <ClInclude Include="StockShaders.hpp">
      <Filter>Headers</Filter>
    </ClInclude>
    <ClInclude Include="Texture.hpp">
      <Filter>Headers</Filter>
    </ClInclude>
    <ClInclude Include="Timer.hpp">
      <Filter>Headers</Filter>
    </ClInclude>
    <ClInclude Include="Transform.hpp">
      <Filter>Headers</Filter>
    </ClInclude>
    <ClInclude Include="VertexLayoutDescription.hpp">
      <Filter>Headers</Filter>
    </ClInclude>
    <ClInclude Include="Vertices.hpp">
      <Filter>Headers</Filter>
    </ClInclude>
    <ClInclude Include="View.h">
      <Filter>Headers</Filter>
    </ClInclude>
    <ClInclude Include="Text.hpp">
      <Filter>Headers</Filter>
    </ClInclude>
    <ClInclude Include="Engine.hpp">
      <Filter>Engine</Filter>
    </ClInclude>
    <ClInclude Include="Damage.h">
      <Filter>Headers</Filter>
    </ClInclude>
  </ItemGroup>
  <ItemGroup>
    <None Include="StockShaders.inl" />
  </ItemGroup>
  <ItemGroup>
    <Filter Include="Components">
      <UniqueIdentifier>{eae18d40-6fd2-4786-ba83-faa6bd538416}</UniqueIdentifier>
    </Filter>
    <Filter Include="Headers">
      <UniqueIdentifier>{c8a5ec4b-453c-42f2-ae0e-4c791eceac30}</UniqueIdentifier>
    </Filter>
    <Filter Include="Source">
      <UniqueIdentifier>{fbe3ba4d-7c89-4f6b-bfc9-9613d986a2e9}</UniqueIdentifier>
    </Filter>
    <Filter Include="Engine">
      <UniqueIdentifier>{0e92edd1-2393-485b-85a3-b7c2011cbcec}</UniqueIdentifier>
    </Filter>
  </ItemGroup>
</Project>